// !$*UTF8*$!
{
	archiveVersion = 1;
	classes = {
	};
	objectVersion = 48;
	objects = {

/* Begin PBXBuildFile section */
		A562799A203854E9000DF151 /* AppDelegate.swift in Sources */ = {isa = PBXBuildFile; fileRef = A5627999203854E9000DF151 /* AppDelegate.swift */; };
		A562799C203854E9000DF151 /* welcomeVC.swift in Sources */ = {isa = PBXBuildFile; fileRef = A562799B203854E9000DF151 /* welcomeVC.swift */; };
		A562799F203854E9000DF151 /* Main.storyboard in Resources */ = {isa = PBXBuildFile; fileRef = A562799D203854E9000DF151 /* Main.storyboard */; };
		A56279A1203854E9000DF151 /* Assets.xcassets in Resources */ = {isa = PBXBuildFile; fileRef = A56279A0203854E9000DF151 /* Assets.xcassets */; };
		A56279A4203854E9000DF151 /* LaunchScreen.storyboard in Resources */ = {isa = PBXBuildFile; fileRef = A56279A2203854E9000DF151 /* LaunchScreen.storyboard */; };
		A56279AE20386772000DF151 /* myPlansVC.swift in Sources */ = {isa = PBXBuildFile; fileRef = A56279AD20386772000DF151 /* myPlansVC.swift */; };
		A56279B0203867B4000DF151 /* identifyPlanDetailVC.swift in Sources */ = {isa = PBXBuildFile; fileRef = A56279AF203867B4000DF151 /* identifyPlanDetailVC.swift */; };
		A56279B2203867E6000DF151 /* fundRecommendationVC.swift in Sources */ = {isa = PBXBuildFile; fileRef = A56279B1203867E6000DF151 /* fundRecommendationVC.swift */; };
		A56279B420386810000DF151 /* customPlanVC.swift in Sources */ = {isa = PBXBuildFile; fileRef = A56279B320386810000DF151 /* customPlanVC.swift */; };
		A56279B62038682E000DF151 /* fundSelectionVC.swift in Sources */ = {isa = PBXBuildFile; fileRef = A56279B52038682E000DF151 /* fundSelectionVC.swift */; };
		A56279B82038685A000DF151 /* estimateSaving.swift in Sources */ = {isa = PBXBuildFile; fileRef = A56279B72038685A000DF151 /* estimateSaving.swift */; };
		A56279BA20386B21000DF151 /* User.swift in Sources */ = {isa = PBXBuildFile; fileRef = A56279B920386B21000DF151 /* User.swift */; };
		A56279BC20386B30000DF151 /* Plan.swift in Sources */ = {isa = PBXBuildFile; fileRef = A56279BB20386B30000DF151 /* Plan.swift */; };
		A56279BE20386B3F000DF151 /* Fund.swift in Sources */ = {isa = PBXBuildFile; fileRef = A56279BD20386B3F000DF151 /* Fund.swift */; };
		A5DEDBDF2039564100153CB3 /* FundCell.swift in Sources */ = {isa = PBXBuildFile; fileRef = A5DEDBDE2039564100153CB3 /* FundCell.swift */; };
		A5DEDBE220395AEF00153CB3 /* FundDataService.swift in Sources */ = {isa = PBXBuildFile; fileRef = A5DEDBE120395AEF00153CB3 /* FundDataService.swift */; };
/* End PBXBuildFile section */

/* Begin PBXFileReference section */
		A5627996203854E9000DF151 /* FundYoung.app */ = {isa = PBXFileReference; explicitFileType = wrapper.application; includeInIndex = 0; path = FundYoung.app; sourceTree = BUILT_PRODUCTS_DIR; };
		A5627999203854E9000DF151 /* AppDelegate.swift */ = {isa = PBXFileReference; lastKnownFileType = sourcecode.swift; path = AppDelegate.swift; sourceTree = "<group>"; };
		A562799B203854E9000DF151 /* welcomeVC.swift */ = {isa = PBXFileReference; lastKnownFileType = sourcecode.swift; path = welcomeVC.swift; sourceTree = "<group>"; };
		A562799E203854E9000DF151 /* Base */ = {isa = PBXFileReference; lastKnownFileType = file.storyboard; name = Base; path = Base.lproj/Main.storyboard; sourceTree = "<group>"; };
		A56279A0203854E9000DF151 /* Assets.xcassets */ = {isa = PBXFileReference; lastKnownFileType = folder.assetcatalog; path = Assets.xcassets; sourceTree = "<group>"; };
		A56279A3203854E9000DF151 /* Base */ = {isa = PBXFileReference; lastKnownFileType = file.storyboard; name = Base; path = Base.lproj/LaunchScreen.storyboard; sourceTree = "<group>"; };
		A56279A5203854E9000DF151 /* Info.plist */ = {isa = PBXFileReference; lastKnownFileType = text.plist.xml; path = Info.plist; sourceTree = "<group>"; };
		A56279AD20386772000DF151 /* myPlansVC.swift */ = {isa = PBXFileReference; lastKnownFileType = sourcecode.swift; path = myPlansVC.swift; sourceTree = "<group>"; };
		A56279AF203867B4000DF151 /* identifyPlanDetailVC.swift */ = {isa = PBXFileReference; lastKnownFileType = sourcecode.swift; path = identifyPlanDetailVC.swift; sourceTree = "<group>"; };
		A56279B1203867E6000DF151 /* fundRecommendationVC.swift */ = {isa = PBXFileReference; lastKnownFileType = sourcecode.swift; path = fundRecommendationVC.swift; sourceTree = "<group>"; };
		A56279B320386810000DF151 /* customPlanVC.swift */ = {isa = PBXFileReference; lastKnownFileType = sourcecode.swift; path = customPlanVC.swift; sourceTree = "<group>"; };
		A56279B52038682E000DF151 /* fundSelectionVC.swift */ = {isa = PBXFileReference; lastKnownFileType = sourcecode.swift; path = fundSelectionVC.swift; sourceTree = "<group>"; };
		A56279B72038685A000DF151 /* estimateSaving.swift */ = {isa = PBXFileReference; lastKnownFileType = sourcecode.swift; path = estimateSaving.swift; sourceTree = "<group>"; };
		A56279B920386B21000DF151 /* User.swift */ = {isa = PBXFileReference; lastKnownFileType = sourcecode.swift; path = User.swift; sourceTree = "<group>"; };
		A56279BB20386B30000DF151 /* Plan.swift */ = {isa = PBXFileReference; lastKnownFileType = sourcecode.swift; path = Plan.swift; sourceTree = "<group>"; };
		A56279BD20386B3F000DF151 /* Fund.swift */ = {isa = PBXFileReference; lastKnownFileType = sourcecode.swift; path = Fund.swift; sourceTree = "<group>"; };
		A5DEDBDE2039564100153CB3 /* FundCell.swift */ = {isa = PBXFileReference; lastKnownFileType = sourcecode.swift; path = FundCell.swift; sourceTree = "<group>"; };
		A5DEDBE120395AEF00153CB3 /* FundDataService.swift */ = {isa = PBXFileReference; lastKnownFileType = sourcecode.swift; path = FundDataService.swift; sourceTree = "<group>"; };
/* End PBXFileReference section */

/* Begin PBXFrameworksBuildPhase section */
		A5627993203854E9000DF151 /* Frameworks */ = {
			isa = PBXFrameworksBuildPhase;
			buildActionMask = 2147483647;
			files = (
			);
			runOnlyForDeploymentPostprocessing = 0;
		};
/* End PBXFrameworksBuildPhase section */

/* Begin PBXGroup section */
		A562798D203854E9000DF151 = {
			isa = PBXGroup;
			children = (
				A5627998203854E9000DF151 /* FundYoung */,
				A5627997203854E9000DF151 /* Products */,
			);
			sourceTree = "<group>";
		};
		A5627997203854E9000DF151 /* Products */ = {
			isa = PBXGroup;
			children = (
				A5627996203854E9000DF151 /* FundYoung.app */,
			);
			name = Products;
			sourceTree = "<group>";
		};
		A5627998203854E9000DF151 /* FundYoung */ = {
			isa = PBXGroup;
			children = (
				A5DEDBE020395ABE00153CB3 /*  Services */,
				A56279BF20386BAF000DF151 /* View */,
				A56279AC20386719000DF151 /* Controller */,
				A56279AB20386709000DF151 /* Model */,
				A5627999203854E9000DF151 /* AppDelegate.swift */,
				A562799D203854E9000DF151 /* Main.storyboard */,
				A56279A0203854E9000DF151 /* Assets.xcassets */,
				A56279A2203854E9000DF151 /* LaunchScreen.storyboard */,
				A56279A5203854E9000DF151 /* Info.plist */,
			);
			path = FundYoung;
			sourceTree = "<group>";
		};
		A56279AB20386709000DF151 /* Model */ = {
			isa = PBXGroup;
			children = (
				A56279B920386B21000DF151 /* User.swift */,
				A56279BB20386B30000DF151 /* Plan.swift */,
				A56279BD20386B3F000DF151 /* Fund.swift */,
			);
			path = Model;
			sourceTree = "<group>";
		};
		A56279AC20386719000DF151 /* Controller */ = {
			isa = PBXGroup;
			children = (
				A562799B203854E9000DF151 /* welcomeVC.swift */,
				A56279AD20386772000DF151 /* myPlansVC.swift */,
				A56279AF203867B4000DF151 /* identifyPlanDetailVC.swift */,
				A56279B1203867E6000DF151 /* fundRecommendationVC.swift */,
				A56279B320386810000DF151 /* customPlanVC.swift */,
				A56279B52038682E000DF151 /* fundSelectionVC.swift */,
				A56279B72038685A000DF151 /* estimateSaving.swift */,
			);
			path = Controller;
			sourceTree = "<group>";
		};
		A56279BF20386BAF000DF151 /* View */ = {
			isa = PBXGroup;
			children = (
				A5DEDBDE2039564100153CB3 /* FundCell.swift */,
			);
			path = View;
			sourceTree = "<group>";
		};
		A5DEDBE020395ABE00153CB3 /*  Services */ = {
			isa = PBXGroup;
			children = (
				A5DEDBE120395AEF00153CB3 /* FundDataService.swift */,
			);
			path = " Services";
			sourceTree = "<group>";
		};
/* End PBXGroup section */

/* Begin PBXNativeTarget section */
		A5627995203854E9000DF151 /* FundYoung */ = {
			isa = PBXNativeTarget;
			buildConfigurationList = A56279A8203854E9000DF151 /* Build configuration list for PBXNativeTarget "FundYoung" */;
			buildPhases = (
				A5627992203854E9000DF151 /* Sources */,
				A5627993203854E9000DF151 /* Frameworks */,
				A5627994203854E9000DF151 /* Resources */,
			);
			buildRules = (
			);
			dependencies = (
			);
			name = FundYoung;
			productName = FundYoung;
			productReference = A5627996203854E9000DF151 /* FundYoung.app */;
			productType = "com.apple.product-type.application";
		};
/* End PBXNativeTarget section */

/* Begin PBXProject section */
		A562798E203854E9000DF151 /* Project object */ = {
			isa = PBXProject;
			attributes = {
				LastSwiftUpdateCheck = 0920;
				LastUpgradeCheck = 0920;
				ORGANIZATIONNAME = Janjao;
				TargetAttributes = {
					A5627995203854E9000DF151 = {
						CreatedOnToolsVersion = 9.2;
						ProvisioningStyle = Automatic;
					};
				};
			};
			buildConfigurationList = A5627991203854E9000DF151 /* Build configuration list for PBXProject "FundYoung" */;
			compatibilityVersion = "Xcode 8.0";
			developmentRegion = en;
			hasScannedForEncodings = 0;
			knownRegions = (
				en,
				Base,
			);
			mainGroup = A562798D203854E9000DF151;
			productRefGroup = A5627997203854E9000DF151 /* Products */;
			projectDirPath = "";
			projectRoot = "";
			targets = (
				A5627995203854E9000DF151 /* FundYoung */,
			);
		};
/* End PBXProject section */

/* Begin PBXResourcesBuildPhase section */
		A5627994203854E9000DF151 /* Resources */ = {
			isa = PBXResourcesBuildPhase;
			buildActionMask = 2147483647;
			files = (
				A56279A4203854E9000DF151 /* LaunchScreen.storyboard in Resources */,
				A56279A1203854E9000DF151 /* Assets.xcassets in Resources */,
				A562799F203854E9000DF151 /* Main.storyboard in Resources */,
			);
			runOnlyForDeploymentPostprocessing = 0;
		};
/* End PBXResourcesBuildPhase section */

/* Begin PBXSourcesBuildPhase section */
		A5627992203854E9000DF151 /* Sources */ = {
			isa = PBXSourcesBuildPhase;
			buildActionMask = 2147483647;
			files = (
				A56279B0203867B4000DF151 /* identifyPlanDetailVC.swift in Sources */,
				A562799C203854E9000DF151 /* welcomeVC.swift in Sources */,
				A56279B420386810000DF151 /* customPlanVC.swift in Sources */,
				A56279B82038685A000DF151 /* estimateSaving.swift in Sources */,
				A56279BC20386B30000DF151 /* Plan.swift in Sources */,
				A562799A203854E9000DF151 /* AppDelegate.swift in Sources */,
				A56279BA20386B21000DF151 /* User.swift in Sources */,
				A56279B2203867E6000DF151 /* fundRecommendationVC.swift in Sources */,
				A56279B62038682E000DF151 /* fundSelectionVC.swift in Sources */,
				A56279BE20386B3F000DF151 /* Fund.swift in Sources */,
				A5DEDBDF2039564100153CB3 /* FundCell.swift in Sources */,
				A5DEDBE220395AEF00153CB3 /* FundDataService.swift in Sources */,
				A56279AE20386772000DF151 /* myPlansVC.swift in Sources */,
			);
			runOnlyForDeploymentPostprocessing = 0;
		};
/* End PBXSourcesBuildPhase section */

/* Begin PBXVariantGroup section */
		A562799D203854E9000DF151 /* Main.storyboard */ = {
			isa = PBXVariantGroup;
			children = (
				A562799E203854E9000DF151 /* Base */,
			);
			name = Main.storyboard;
			sourceTree = "<group>";
		};
		A56279A2203854E9000DF151 /* LaunchScreen.storyboard */ = {
			isa = PBXVariantGroup;
			children = (
				A56279A3203854E9000DF151 /* Base */,
			);
			name = LaunchScreen.storyboard;
			sourceTree = "<group>";
		};
/* End PBXVariantGroup section */

/* Begin XCBuildConfiguration section */
		A56279A6203854E9000DF151 /* Debug */ = {
			isa = XCBuildConfiguration;
			buildSettings = {
				ALWAYS_SEARCH_USER_PATHS = NO;
				CLANG_ANALYZER_NONNULL = YES;
				CLANG_ANALYZER_NUMBER_OBJECT_CONVERSION = YES_AGGRESSIVE;
				CLANG_CXX_LANGUAGE_STANDARD = "gnu++14";
				CLANG_CXX_LIBRARY = "libc++";
				CLANG_ENABLE_MODULES = YES;
				CLANG_ENABLE_OBJC_ARC = YES;
				CLANG_WARN_BLOCK_CAPTURE_AUTORELEASING = YES;
				CLANG_WARN_BOOL_CONVERSION = YES;
				CLANG_WARN_COMMA = YES;
				CLANG_WARN_CONSTANT_CONVERSION = YES;
				CLANG_WARN_DIRECT_OBJC_ISA_USAGE = YES_ERROR;
				CLANG_WARN_DOCUMENTATION_COMMENTS = YES;
				CLANG_WARN_EMPTY_BODY = YES;
				CLANG_WARN_ENUM_CONVERSION = YES;
				CLANG_WARN_INFINITE_RECURSION = YES;
				CLANG_WARN_INT_CONVERSION = YES;
				CLANG_WARN_NON_LITERAL_NULL_CONVERSION = YES;
				CLANG_WARN_OBJC_LITERAL_CONVERSION = YES;
				CLANG_WARN_OBJC_ROOT_CLASS = YES_ERROR;
				CLANG_WARN_RANGE_LOOP_ANALYSIS = YES;
				CLANG_WARN_STRICT_PROTOTYPES = YES;
				CLANG_WARN_SUSPICIOUS_MOVE = YES;
				CLANG_WARN_UNGUARDED_AVAILABILITY = YES_AGGRESSIVE;
				CLANG_WARN_UNREACHABLE_CODE = YES;
				CLANG_WARN__DUPLICATE_METHOD_MATCH = YES;
				CODE_SIGN_IDENTITY = "iPhone Developer";
				COPY_PHASE_STRIP = NO;
				DEBUG_INFORMATION_FORMAT = dwarf;
				ENABLE_STRICT_OBJC_MSGSEND = YES;
				ENABLE_TESTABILITY = YES;
				GCC_C_LANGUAGE_STANDARD = gnu11;
				GCC_DYNAMIC_NO_PIC = NO;
				GCC_NO_COMMON_BLOCKS = YES;
				GCC_OPTIMIZATION_LEVEL = 0;
				GCC_PREPROCESSOR_DEFINITIONS = (
					"DEBUG=1",
					"$(inherited)",
				);
				GCC_WARN_64_TO_32_BIT_CONVERSION = YES;
				GCC_WARN_ABOUT_RETURN_TYPE = YES_ERROR;
				GCC_WARN_UNDECLARED_SELECTOR = YES;
				GCC_WARN_UNINITIALIZED_AUTOS = YES_AGGRESSIVE;
				GCC_WARN_UNUSED_FUNCTION = YES;
				GCC_WARN_UNUSED_VARIABLE = YES;
				IPHONEOS_DEPLOYMENT_TARGET = 11.2;
				MTL_ENABLE_DEBUG_INFO = YES;
				ONLY_ACTIVE_ARCH = YES;
				SDKROOT = iphoneos;
				SWIFT_ACTIVE_COMPILATION_CONDITIONS = DEBUG;
				SWIFT_OPTIMIZATION_LEVEL = "-Onone";
			};
			name = Debug;
		};
		A56279A7203854E9000DF151 /* Release */ = {
			isa = XCBuildConfiguration;
			buildSettings = {
				ALWAYS_SEARCH_USER_PATHS = NO;
				CLANG_ANALYZER_NONNULL = YES;
				CLANG_ANALYZER_NUMBER_OBJECT_CONVERSION = YES_AGGRESSIVE;
				CLANG_CXX_LANGUAGE_STANDARD = "gnu++14";
				CLANG_CXX_LIBRARY = "libc++";
				CLANG_ENABLE_MODULES = YES;
				CLANG_ENABLE_OBJC_ARC = YES;
				CLANG_WARN_BLOCK_CAPTURE_AUTORELEASING = YES;
				CLANG_WARN_BOOL_CONVERSION = YES;
				CLANG_WARN_COMMA = YES;
				CLANG_WARN_CONSTANT_CONVERSION = YES;
				CLANG_WARN_DIRECT_OBJC_ISA_USAGE = YES_ERROR;
				CLANG_WARN_DOCUMENTATION_COMMENTS = YES;
				CLANG_WARN_EMPTY_BODY = YES;
				CLANG_WARN_ENUM_CONVERSION = YES;
				CLANG_WARN_INFINITE_RECURSION = YES;
				CLANG_WARN_INT_CONVERSION = YES;
				CLANG_WARN_NON_LITERAL_NULL_CONVERSION = YES;
				CLANG_WARN_OBJC_LITERAL_CONVERSION = YES;
				CLANG_WARN_OBJC_ROOT_CLASS = YES_ERROR;
				CLANG_WARN_RANGE_LOOP_ANALYSIS = YES;
				CLANG_WARN_STRICT_PROTOTYPES = YES;
				CLANG_WARN_SUSPICIOUS_MOVE = YES;
				CLANG_WARN_UNGUARDED_AVAILABILITY = YES_AGGRESSIVE;
				CLANG_WARN_UNREACHABLE_CODE = YES;
				CLANG_WARN__DUPLICATE_METHOD_MATCH = YES;
				CODE_SIGN_IDENTITY = "iPhone Developer";
				COPY_PHASE_STRIP = NO;
				DEBUG_INFORMATION_FORMAT = "dwarf-with-dsym";
				ENABLE_NS_ASSERTIONS = NO;
				ENABLE_STRICT_OBJC_MSGSEND = YES;
				GCC_C_LANGUAGE_STANDARD = gnu11;
				GCC_NO_COMMON_BLOCKS = YES;
				GCC_WARN_64_TO_32_BIT_CONVERSION = YES;
				GCC_WARN_ABOUT_RETURN_TYPE = YES_ERROR;
				GCC_WARN_UNDECLARED_SELECTOR = YES;
				GCC_WARN_UNINITIALIZED_AUTOS = YES_AGGRESSIVE;
				GCC_WARN_UNUSED_FUNCTION = YES;
				GCC_WARN_UNUSED_VARIABLE = YES;
				IPHONEOS_DEPLOYMENT_TARGET = 11.2;
				MTL_ENABLE_DEBUG_INFO = NO;
				SDKROOT = iphoneos;
				SWIFT_OPTIMIZATION_LEVEL = "-Owholemodule";
				VALIDATE_PRODUCT = YES;
			};
			name = Release;
		};
		A56279A9203854E9000DF151 /* Debug */ = {
			isa = XCBuildConfiguration;
			buildSettings = {
				ASSETCATALOG_COMPILER_APPICON_NAME = AppIcon;
				CODE_SIGN_STYLE = Automatic;
				INFOPLIST_FILE = FundYoung/Info.plist;
				LD_RUNPATH_SEARCH_PATHS = "$(inherited) @executable_path/Frameworks";
				PRODUCT_BUNDLE_IDENTIFIER = CMU.FundYoung;
				PRODUCT_NAME = "$(TARGET_NAME)";
				SWIFT_VERSION = 4.0;
				TARGETED_DEVICE_FAMILY = "1,2";
			};
			name = Debug;
		};
		A56279AA203854E9000DF151 /* Release */ = {
			isa = XCBuildConfiguration;
			buildSettings = {
				ASSETCATALOG_COMPILER_APPICON_NAME = AppIcon;
				CODE_SIGN_STYLE = Automatic;
				INFOPLIST_FILE = FundYoung/Info.plist;
				LD_RUNPATH_SEARCH_PATHS = "$(inherited) @executable_path/Frameworks";
				PRODUCT_BUNDLE_IDENTIFIER = CMU.FundYoung;
				PRODUCT_NAME = "$(TARGET_NAME)";
				SWIFT_VERSION = 4.0;
				TARGETED_DEVICE_FAMILY = "1,2";
			};
			name = Release;
		};
/* End XCBuildConfiguration section */

/* Begin XCConfigurationList section */
		A5627991203854E9000DF151 /* Build configuration list for PBXProject "FundYoung" */ = {
			isa = XCConfigurationList;
			buildConfigurations = (
				A56279A6203854E9000DF151 /* Debug */,
				A56279A7203854E9000DF151 /* Release */,
			);
			defaultConfigurationIsVisible = 0;
			defaultConfigurationName = Release;
		};
		A56279A8203854E9000DF151 /* Build configuration list for PBXNativeTarget "FundYoung" */ = {
			isa = XCConfigurationList;
			buildConfigurations = (
				A56279A9203854E9000DF151 /* Debug */,
				A56279AA203854E9000DF151 /* Release */,
			);
			defaultConfigurationIsVisible = 0;
			defaultConfigurationName = Release;
		};
/* End XCConfigurationList section */
	};
	rootObject = A562798E203854E9000DF151 /* Project object */;
}
